
Microsoft Visual Studio Solution File, Format Version 12.00
# Visual Studio Version 17
VisualStudioVersion = 17.9.34728.123
MinimumVisualStudioVersion = 10.0.40219.1
Project("{FAE04EC0-301F-11D3-BF4B-00C04F79EFBC}") = "SequentialStructureExercise5", "SequentialStructureExercise5\SequentialStructureExercise5.csproj", "{FBCE6E68-6AEE-4D93-9887-E45EE540BD13}"
EndProject
Global
	GlobalSection(SolutionConfigurationPlatforms) = preSolution
		Debug|Any CPU = Debug|Any CPU
		Release|Any CPU = Release|Any CPU
	EndGlobalSection
	GlobalSection(ProjectConfigurationPlatforms) = postSolution
		{FBCE6E68-6AEE-4D93-9887-E45EE540BD13}.Debug|Any CPU.ActiveCfg = Debug|Any CPU
		{FBCE6E68-6AEE-4D93-9887-E45EE540BD13}.Debug|Any CPU.Build.0 = Debug|Any CPU
		{FBCE6E68-6AEE-4D93-9887-E45EE540BD13}.Release|Any CPU.ActiveCfg = Release|Any CPU
		{FBCE6E68-6AEE-4D93-9887-E45EE540BD13}.Release|Any CPU.Build.0 = Release|Any CPU
	EndGlobalSection
	GlobalSection(SolutionProperties) = preSolution
		HideSolutionNode = FALSE
	EndGlobalSection
	GlobalSection(ExtensibilityGlobals) = postSolution
		SolutionGuid = {5F051D4D-193D-4C7E-82FE-5F0F097DB3B7}
	EndGlobalSection
EndGlobal
